
Microsoft Visual Studio Solution File, Format Version 12.00
# Visual Studio Version 17
VisualStudioVersion = 17.8.34322.80
MinimumVisualStudioVersion = 10.0.40219.1
Project("{9A19103F-16F7-4668-BE54-9A1E7A4F7556}") = "Day1", "..\Day1\Day1.csproj", "{756452C0-A8AC-4E5C-AF06-31550D4FF7B5}"
EndProject
Project("{2150E333-8FDC-42A3-9474-1A3956D46DE8}") = "Solution Items", "Solution Items", "{41F92562-ED24-42F5-8A0B-B79B6DB38276}"
EndProject
Project("{9A19103F-16F7-4668-BE54-9A1E7A4F7556}") = "Day2", "Day2\Day2.csproj", "{96C7C84A-C9CA-48EB-B28C-DD5E8D9C65B3}"
EndProject
Project("{FAE04EC0-301F-11D3-BF4B-00C04F79EFBC}") = "Day3", "Day3\Day3.csproj", "{9E82FC17-78D2-46BF-87B1-07A660364854}"
EndProject
Project("{FAE04EC0-301F-11D3-BF4B-00C04F79EFBC}") = "Day4", "Day4\Day4.csproj", "{D2B769C1-7B91-4E18-91B9-1435BC71FA08}"
EndProject
Global
	GlobalSection(SolutionConfigurationPlatforms) = preSolution
		Debug|Any CPU = Debug|Any CPU
		Release|Any CPU = Release|Any CPU
	EndGlobalSection
	GlobalSection(ProjectConfigurationPlatforms) = postSolution
		{756452C0-A8AC-4E5C-AF06-31550D4FF7B5}.Debug|Any CPU.ActiveCfg = Debug|Any CPU
		{756452C0-A8AC-4E5C-AF06-31550D4FF7B5}.Debug|Any CPU.Build.0 = Debug|Any CPU
		{756452C0-A8AC-4E5C-AF06-31550D4FF7B5}.Release|Any CPU.ActiveCfg = Release|Any CPU
		{756452C0-A8AC-4E5C-AF06-31550D4FF7B5}.Release|Any CPU.Build.0 = Release|Any CPU
		{96C7C84A-C9CA-48EB-B28C-DD5E8D9C65B3}.Debug|Any CPU.ActiveCfg = Debug|Any CPU
		{96C7C84A-C9CA-48EB-B28C-DD5E8D9C65B3}.Debug|Any CPU.Build.0 = Debug|Any CPU
		{96C7C84A-C9CA-48EB-B28C-DD5E8D9C65B3}.Release|Any CPU.ActiveCfg = Release|Any CPU
		{96C7C84A-C9CA-48EB-B28C-DD5E8D9C65B3}.Release|Any CPU.Build.0 = Release|Any CPU
		{9E82FC17-78D2-46BF-87B1-07A660364854}.Debug|Any CPU.ActiveCfg = Debug|Any CPU
		{9E82FC17-78D2-46BF-87B1-07A660364854}.Debug|Any CPU.Build.0 = Debug|Any CPU
		{9E82FC17-78D2-46BF-87B1-07A660364854}.Release|Any CPU.ActiveCfg = Release|Any CPU
		{9E82FC17-78D2-46BF-87B1-07A660364854}.Release|Any CPU.Build.0 = Release|Any CPU
		{D2B769C1-7B91-4E18-91B9-1435BC71FA08}.Debug|Any CPU.ActiveCfg = Debug|Any CPU
		{D2B769C1-7B91-4E18-91B9-1435BC71FA08}.Debug|Any CPU.Build.0 = Debug|Any CPU
		{D2B769C1-7B91-4E18-91B9-1435BC71FA08}.Release|Any CPU.ActiveCfg = Release|Any CPU
		{D2B769C1-7B91-4E18-91B9-1435BC71FA08}.Release|Any CPU.Build.0 = Release|Any CPU
	EndGlobalSection
	GlobalSection(SolutionProperties) = preSolution
		HideSolutionNode = FALSE
	EndGlobalSection
	GlobalSection(ExtensibilityGlobals) = postSolution
		SolutionGuid = {7EA5ADE6-EDB0-4330-802A-9CF479D1D26B}
	EndGlobalSection
EndGlobal
